// !$*UTF8*$!
{
	archiveVersion = 1;
	classes = {
	};
	objectVersion = 77;
	objects = {

/* Begin PBXContainerItemProxy section */
		FD80DC602CA70C88007218A8 /* PBXContainerItemProxy */ = {
			isa = PBXContainerItemProxy;
			containerPortal = FD80DC472CA70C86007218A8 /* Project object */;
			proxyType = 1;
			remoteGlobalIDString = FD80DC4E2CA70C86007218A8;
			remoteInfo = MathSolverAR;
		};
		FD80DC6A2CA70C88007218A8 /* PBXContainerItemProxy */ = {
			isa = PBXContainerItemProxy;
			containerPortal = FD80DC472CA70C86007218A8 /* Project object */;
			proxyType = 1;
			remoteGlobalIDString = FD80DC4E2CA70C86007218A8;
			remoteInfo = MathSolverAR;
		};
/* End PBXContainerItemProxy section */

/* Begin PBXFileReference section */
		FD80DC4F2CA70C86007218A8 /* MathSolverAR.app */ = {isa = PBXFileReference; explicitFileType = wrapper.application; includeInIndex = 0; path = MathSolverAR.app; sourceTree = BUILT_PRODUCTS_DIR; };
		FD80DC5F2CA70C88007218A8 /* MathSolverARTests.xctest */ = {isa = PBXFileReference; explicitFileType = wrapper.cfbundle; includeInIndex = 0; path = MathSolverARTests.xctest; sourceTree = BUILT_PRODUCTS_DIR; };
		FD80DC692CA70C88007218A8 /* MathSolverARUITests.xctest */ = {isa = PBXFileReference; explicitFileType = wrapper.cfbundle; includeInIndex = 0; path = MathSolverARUITests.xctest; sourceTree = BUILT_PRODUCTS_DIR; };
/* End PBXFileReference section */

/* Begin PBXFileSystemSynchronizedRootGroup section */
		FD80DC512CA70C86007218A8 /* MathSolverAR */ = {
			isa = PBXFileSystemSynchronizedRootGroup;
			path = MathSolverAR;
			sourceTree = "<group>";
		};
		FD80DC622CA70C88007218A8 /* MathSolverARTests */ = {
			isa = PBXFileSystemSynchronizedRootGroup;
			path = MathSolverARTests;
			sourceTree = "<group>";
		};
		FD80DC6C2CA70C88007218A8 /* MathSolverARUITests */ = {
			isa = PBXFileSystemSynchronizedRootGroup;
			path = MathSolverARUITests;
			sourceTree = "<group>";
		};
/* End PBXFileSystemSynchronizedRootGroup section */

/* Begin PBXFrameworksBuildPhase section */
		FD80DC4C2CA70C86007218A8 /* Frameworks */ = {
			isa = PBXFrameworksBuildPhase;
			buildActionMask = 2147483647;
			files = (
			);
			runOnlyForDeploymentPostprocessing = 0;
		};
		FD80DC5C2CA70C88007218A8 /* Frameworks */ = {
			isa = PBXFrameworksBuildPhase;
			buildActionMask = 2147483647;
			files = (
			);
			runOnlyForDeploymentPostprocessing = 0;
		};
		FD80DC662CA70C88007218A8 /* Frameworks */ = {
			isa = PBXFrameworksBuildPhase;
			buildActionMask = 2147483647;
			files = (
			);
			runOnlyForDeploymentPostprocessing = 0;
		};
/* End PBXFrameworksBuildPhase section */

/* Begin PBXGroup section */
		FD80DC462CA70C86007218A8 = {
			isa = PBXGroup;
			children = (
				FD80DC512CA70C86007218A8 /* MathSolverAR */,
				FD80DC622CA70C88007218A8 /* MathSolverARTests */,
				FD80DC6C2CA70C88007218A8 /* MathSolverARUITests */,
				FD80DC502CA70C86007218A8 /* Products */,
			);
			sourceTree = "<group>";
		};
		FD80DC502CA70C86007218A8 /* Products */ = {
			isa = PBXGroup;
			children = (
				FD80DC4F2CA70C86007218A8 /* MathSolverAR.app */,
				FD80DC5F2CA70C88007218A8 /* MathSolverARTests.xctest */,
				FD80DC692CA70C88007218A8 /* MathSolverARUITests.xctest */,
			);
			name = Products;
			sourceTree = "<group>";
		};
/* End PBXGroup section */

/* Begin PBXNativeTarget section */
		FD80DC4E2CA70C86007218A8 /* MathSolverAR */ = {
			isa = PBXNativeTarget;
			buildConfigurationList = FD80DC732CA70C88007218A8 /* Build configuration list for PBXNativeTarget "MathSolverAR" */;
			buildPhases = (
				FD80DC4B2CA70C86007218A8 /* Sources */,
				FD80DC4C2CA70C86007218A8 /* Frameworks */,
				FD80DC4D2CA70C86007218A8 /* Resources */,
			);
			buildRules = (
			);
			dependencies = (
			);
			fileSystemSynchronizedGroups = (
				FD80DC512CA70C86007218A8 /* MathSolverAR */,
			);
			name = MathSolverAR;
			packageProductDependencies = (
			);
			productName = MathSolverAR;
			productReference = FD80DC4F2CA70C86007218A8 /* MathSolverAR.app */;
			productType = "com.apple.product-type.application";
		};
		FD80DC5E2CA70C88007218A8 /* MathSolverARTests */ = {
			isa = PBXNativeTarget;
			buildConfigurationList = FD80DC762CA70C88007218A8 /* Build configuration list for PBXNativeTarget "MathSolverARTests" */;
			buildPhases = (
				FD80DC5B2CA70C88007218A8 /* Sources */,
				FD80DC5C2CA70C88007218A8 /* Frameworks */,
				FD80DC5D2CA70C88007218A8 /* Resources */,
			);
			buildRules = (
			);
			dependencies = (
				FD80DC612CA70C88007218A8 /* PBXTargetDependency */,
			);
			fileSystemSynchronizedGroups = (
				FD80DC622CA70C88007218A8 /* MathSolverARTests */,
			);
			name = MathSolverARTests;
			packageProductDependencies = (
			);
			productName = MathSolverARTests;
			productReference = FD80DC5F2CA70C88007218A8 /* MathSolverARTests.xctest */;
			productType = "com.apple.product-type.bundle.unit-test";
		};
		FD80DC682CA70C88007218A8 /* MathSolverARUITests */ = {
			isa = PBXNativeTarget;
			buildConfigurationList = FD80DC792CA70C88007218A8 /* Build configuration list for PBXNativeTarget "MathSolverARUITests" */;
			buildPhases = (
				FD80DC652CA70C88007218A8 /* Sources */,
				FD80DC662CA70C88007218A8 /* Frameworks */,
				FD80DC672CA70C88007218A8 /* Resources */,
			);
			buildRules = (
			);
			dependencies = (
				FD80DC6B2CA70C88007218A8 /* PBXTargetDependency */,
			);
			fileSystemSynchronizedGroups = (
				FD80DC6C2CA70C88007218A8 /* MathSolverARUITests */,
			);
			name = MathSolverARUITests;
			packageProductDependencies = (
			);
			productName = MathSolverARUITests;
			productReference = FD80DC692CA70C88007218A8 /* MathSolverARUITests.xctest */;
			productType = "com.apple.product-type.bundle.ui-testing";
		};
/* End PBXNativeTarget section */

/* Begin PBXProject section */
		FD80DC472CA70C86007218A8 /* Project object */ = {
			isa = PBXProject;
			attributes = {
				BuildIndependentTargetsInParallel = 1;
				LastSwiftUpdateCheck = 1600;
				LastUpgradeCheck = 1600;
				TargetAttributes = {
					FD80DC4E2CA70C86007218A8 = {
						CreatedOnToolsVersion = 16.0;
					};
					FD80DC5E2CA70C88007218A8 = {
						CreatedOnToolsVersion = 16.0;
						TestTargetID = FD80DC4E2CA70C86007218A8;
					};
					FD80DC682CA70C88007218A8 = {
						CreatedOnToolsVersion = 16.0;
						TestTargetID = FD80DC4E2CA70C86007218A8;
					};
				};
			};
			buildConfigurationList = FD80DC4A2CA70C86007218A8 /* Build configuration list for PBXProject "MathSolverAR" */;
			developmentRegion = en;
			hasScannedForEncodings = 0;
			knownRegions = (
				en,
				Base,
			);
			mainGroup = FD80DC462CA70C86007218A8;
			minimizedProjectReferenceProxies = 1;
			preferredProjectObjectVersion = 77;
			productRefGroup = FD80DC502CA70C86007218A8 /* Products */;
			projectDirPath = "";
			projectRoot = "";
			targets = (
				FD80DC4E2CA70C86007218A8 /* MathSolverAR */,
				FD80DC5E2CA70C88007218A8 /* MathSolverARTests */,
				FD80DC682CA70C88007218A8 /* MathSolverARUITests */,
			);
		};
/* End PBXProject section */

/* Begin PBXResourcesBuildPhase section */
		FD80DC4D2CA70C86007218A8 /* Resources */ = {
			isa = PBXResourcesBuildPhase;
			buildActionMask = 2147483647;
			files = (
			);
			runOnlyForDeploymentPostprocessing = 0;
		};
		FD80DC5D2CA70C88007218A8 /* Resources */ = {
			isa = PBXResourcesBuildPhase;
			buildActionMask = 2147483647;
			files = (
			);
			runOnlyForDeploymentPostprocessing = 0;
		};
		FD80DC672CA70C88007218A8 /* Resources */ = {
			isa = PBXResourcesBuildPhase;
			buildActionMask = 2147483647;
			files = (
			);
			runOnlyForDeploymentPostprocessing = 0;
		};
/* End PBXResourcesBuildPhase section */

/* Begin PBXSourcesBuildPhase section */
		FD80DC4B2CA70C86007218A8 /* Sources */ = {
			isa = PBXSourcesBuildPhase;
			buildActionMask = 2147483647;
			files = (
			);
			runOnlyForDeploymentPostprocessing = 0;
		};
		FD80DC5B2CA70C88007218A8 /* Sources */ = {
			isa = PBXSourcesBuildPhase;
			buildActionMask = 2147483647;
			files = (
			);
			runOnlyForDeploymentPostprocessing = 0;
		};
		FD80DC652CA70C88007218A8 /* Sources */ = {
			isa = PBXSourcesBuildPhase;
			buildActionMask = 2147483647;
			files = (
			);
			runOnlyForDeploymentPostprocessing = 0;
		};
/* End PBXSourcesBuildPhase section */

/* Begin PBXTargetDependency section */
		FD80DC612CA70C88007218A8 /* PBXTargetDependency */ = {
			isa = PBXTargetDependency;
			target = FD80DC4E2CA70C86007218A8 /* MathSolverAR */;
			targetProxy = FD80DC602CA70C88007218A8 /* PBXContainerItemProxy */;
		};
		FD80DC6B2CA70C88007218A8 /* PBXTargetDependency */ = {
			isa = PBXTargetDependency;
			target = FD80DC4E2CA70C86007218A8 /* MathSolverAR */;
			targetProxy = FD80DC6A2CA70C88007218A8 /* PBXContainerItemProxy */;
		};
/* End PBXTargetDependency section */

/* Begin XCBuildConfiguration section */
		FD80DC712CA70C88007218A8 /* Debug */ = {
			isa = XCBuildConfiguration;
			buildSettings = {
				ALWAYS_SEARCH_USER_PATHS = NO;
				ASSETCATALOG_COMPILER_GENERATE_SWIFT_ASSET_SYMBOL_EXTENSIONS = YES;
				CLANG_ANALYZER_NONNULL = YES;
				CLANG_ANALYZER_NUMBER_OBJECT_CONVERSION = YES_AGGRESSIVE;
				CLANG_CXX_LANGUAGE_STANDARD = "gnu++20";
				CLANG_ENABLE_MODULES = YES;
				CLANG_ENABLE_OBJC_ARC = YES;
				CLANG_ENABLE_OBJC_WEAK = YES;
				CLANG_WARN_BLOCK_CAPTURE_AUTORELEASING = YES;
				CLANG_WARN_BOOL_CONVERSION = YES;
				CLANG_WARN_COMMA = YES;
				CLANG_WARN_CONSTANT_CONVERSION = YES;
				CLANG_WARN_DEPRECATED_OBJC_IMPLEMENTATIONS = YES;
				CLANG_WARN_DIRECT_OBJC_ISA_USAGE = YES_ERROR;
				CLANG_WARN_DOCUMENTATION_COMMENTS = YES;
				CLANG_WARN_EMPTY_BODY = YES;
				CLANG_WARN_ENUM_CONVERSION = YES;
				CLANG_WARN_INFINITE_RECURSION = YES;
				CLANG_WARN_INT_CONVERSION = YES;
				CLANG_WARN_NON_LITERAL_NULL_CONVERSION = YES;
				CLANG_WARN_OBJC_IMPLICIT_RETAIN_SELF = YES;
				CLANG_WARN_OBJC_LITERAL_CONVERSION = YES;
				CLANG_WARN_OBJC_ROOT_CLASS = YES_ERROR;
				CLANG_WARN_QUOTED_INCLUDE_IN_FRAMEWORK_HEADER = YES;
				CLANG_WARN_RANGE_LOOP_ANALYSIS = YES;
				CLANG_WARN_STRICT_PROTOTYPES = YES;
				CLANG_WARN_SUSPICIOUS_MOVE = YES;
				CLANG_WARN_UNGUARDED_AVAILABILITY = YES_AGGRESSIVE;
				CLANG_WARN_UNREACHABLE_CODE = YES;
				CLANG_WARN__DUPLICATE_METHOD_MATCH = YES;
				COPY_PHASE_STRIP = NO;
				DEBUG_INFORMATION_FORMAT = dwarf;
				ENABLE_STRICT_OBJC_MSGSEND = YES;
				ENABLE_TESTABILITY = YES;
				ENABLE_USER_SCRIPT_SANDBOXING = YES;
				GCC_C_LANGUAGE_STANDARD = gnu17;
				GCC_DYNAMIC_NO_PIC = NO;
				GCC_NO_COMMON_BLOCKS = YES;
				GCC_OPTIMIZATION_LEVEL = 0;
				GCC_PREPROCESSOR_DEFINITIONS = (
					"DEBUG=1",
					"$(inherited)",
				);
				GCC_WARN_64_TO_32_BIT_CONVERSION = YES;
				GCC_WARN_ABOUT_RETURN_TYPE = YES_ERROR;
				GCC_WARN_UNDECLARED_SELECTOR = YES;
				GCC_WARN_UNINITIALIZED_AUTOS = YES_AGGRESSIVE;
				GCC_WARN_UNUSED_FUNCTION = YES;
				GCC_WARN_UNUSED_VARIABLE = YES;
				IPHONEOS_DEPLOYMENT_TARGET = 18.0;
				LOCALIZATION_PREFERS_STRING_CATALOGS = YES;
				MTL_ENABLE_DEBUG_INFO = INCLUDE_SOURCE;
				MTL_FAST_MATH = YES;
				ONLY_ACTIVE_ARCH = YES;
				SDKROOT = iphoneos;
				SWIFT_ACTIVE_COMPILATION_CONDITIONS = "DEBUG $(inherited)";
				SWIFT_OPTIMIZATION_LEVEL = "-Onone";
			};
			name = Debug;
		};
		FD80DC722CA70C88007218A8 /* Release */ = {
			isa = XCBuildConfiguration;
			buildSettings = {
				ALWAYS_SEARCH_USER_PATHS = NO;
				ASSETCATALOG_COMPILER_GENERATE_SWIFT_ASSET_SYMBOL_EXTENSIONS = YES;
				CLANG_ANALYZER_NONNULL = YES;
				CLANG_ANALYZER_NUMBER_OBJECT_CONVERSION = YES_AGGRESSIVE;
				CLANG_CXX_LANGUAGE_STANDARD = "gnu++20";
				CLANG_ENABLE_MODULES = YES;
				CLANG_ENABLE_OBJC_ARC = YES;
				CLANG_ENABLE_OBJC_WEAK = YES;
				CLANG_WARN_BLOCK_CAPTURE_AUTORELEASING = YES;
				CLANG_WARN_BOOL_CONVERSION = YES;
				CLANG_WARN_COMMA = YES;
				CLANG_WARN_CONSTANT_CONVERSION = YES;
				CLANG_WARN_DEPRECATED_OBJC_IMPLEMENTATIONS = YES;
				CLANG_WARN_DIRECT_OBJC_ISA_USAGE = YES_ERROR;
				CLANG_WARN_DOCUMENTATION_COMMENTS = YES;
				CLANG_WARN_EMPTY_BODY = YES;
				CLANG_WARN_ENUM_CONVERSION = YES;
				CLANG_WARN_INFINITE_RECURSION = YES;
				CLANG_WARN_INT_CONVERSION = YES;
				CLANG_WARN_NON_LITERAL_NULL_CONVERSION = YES;
				CLANG_WARN_OBJC_IMPLICIT_RETAIN_SELF = YES;
				CLANG_WARN_OBJC_LITERAL_CONVERSION = YES;
				CLANG_WARN_OBJC_ROOT_CLASS = YES_ERROR;
				CLANG_WARN_QUOTED_INCLUDE_IN_FRAMEWORK_HEADER = YES;
				CLANG_WARN_RANGE_LOOP_ANALYSIS = YES;
				CLANG_WARN_STRICT_PROTOTYPES = YES;
				CLANG_WARN_SUSPICIOUS_MOVE = YES;
				CLANG_WARN_UNGUARDED_AVAILABILITY = YES_AGGRESSIVE;
				CLANG_WARN_UNREACHABLE_CODE = YES;
				CLANG_WARN__DUPLICATE_METHOD_MATCH = YES;
				COPY_PHASE_STRIP = NO;
				DEBUG_INFORMATION_FORMAT = "dwarf-with-dsym";
				ENABLE_NS_ASSERTIONS = NO;
				ENABLE_STRICT_OBJC_MSGSEND = YES;
				ENABLE_USER_SCRIPT_SANDBOXING = YES;
				GCC_C_LANGUAGE_STANDARD = gnu17;
				GCC_NO_COMMON_BLOCKS = YES;
				GCC_WARN_64_TO_32_BIT_CONVERSION = YES;
				GCC_WARN_ABOUT_RETURN_TYPE = YES_ERROR;
				GCC_WARN_UNDECLARED_SELECTOR = YES;
				GCC_WARN_UNINITIALIZED_AUTOS = YES_AGGRESSIVE;
				GCC_WARN_UNUSED_FUNCTION = YES;
				GCC_WARN_UNUSED_VARIABLE = YES;
				IPHONEOS_DEPLOYMENT_TARGET = 18.0;
				LOCALIZATION_PREFERS_STRING_CATALOGS = YES;
				MTL_ENABLE_DEBUG_INFO = NO;
				MTL_FAST_MATH = YES;
				SDKROOT = iphoneos;
				SWIFT_COMPILATION_MODE = wholemodule;
				VALIDATE_PRODUCT = YES;
			};
			name = Release;
		};
		FD80DC742CA70C88007218A8 /* Debug */ = {
			isa = XCBuildConfiguration;
			buildSettings = {
				ASSETCATALOG_COMPILER_APPICON_NAME = AppIcon;
				ASSETCATALOG_COMPILER_GLOBAL_ACCENT_COLOR_NAME = AccentColor;
				CODE_SIGN_STYLE = Automatic;
				CURRENT_PROJECT_VERSION = 1;
				DEVELOPMENT_ASSET_PATHS = "\"MathSolverAR/Preview Content\"";
				DEVELOPMENT_TEAM = U7C4ALC94Y;
				ENABLE_PREVIEWS = YES;
				GENERATE_INFOPLIST_FILE = YES;
				INFOPLIST_KEY_NSCameraUsageDescription = "";
				INFOPLIST_KEY_UIApplicationSupportsIndirectInputEvents = YES;
				INFOPLIST_KEY_UILaunchScreen_Generation = YES;
				INFOPLIST_KEY_UIRequiredDeviceCapabilities = arkit;
				INFOPLIST_KEY_UIStatusBarHidden = YES;
				INFOPLIST_KEY_UISupportedInterfaceOrientations_iPad = "UIInterfaceOrientationPortrait UIInterfaceOrientationPortraitUpsideDown UIInterfaceOrientationLandscapeLeft UIInterfaceOrientationLandscapeRight";
				INFOPLIST_KEY_UISupportedInterfaceOrientations_iPhone = "UIInterfaceOrientationPortrait UIInterfaceOrientationLandscapeLeft UIInterfaceOrientationLandscapeRight";
				LD_RUNPATH_SEARCH_PATHS = (
					"$(inherited)",
					"@executable_path/Frameworks",
				);
				MARKETING_VERSION = 1.0;
				PRODUCT_BUNDLE_IDENTIFIER = "-.MathSolverAR";
				PRODUCT_NAME = "$(TARGET_NAME)";
				SWIFT_EMIT_LOC_STRINGS = YES;
				SWIFT_VERSION = 5.0;
				TARGETED_DEVICE_FAMILY = "1,2";
			};
			name = Debug;
		};
		FD80DC752CA70C88007218A8 /* Release */ = {
			isa = XCBuildConfiguration;
			buildSettings = {
				ASSETCATALOG_COMPILER_APPICON_NAME = AppIcon;
				ASSETCATALOG_COMPILER_GLOBAL_ACCENT_COLOR_NAME = AccentColor;
				CODE_SIGN_STYLE = Automatic;
				CURRENT_PROJECT_VERSION = 1;
				DEVELOPMENT_ASSET_PATHS = "\"MathSolverAR/Preview Content\"";
				DEVELOPMENT_TEAM = U7C4ALC94Y;
				ENABLE_PREVIEWS = YES;
				GENERATE_INFOPLIST_FILE = YES;
				INFOPLIST_KEY_NSCameraUsageDescription = "";
				INFOPLIST_KEY_UIApplicationSupportsIndirectInputEvents = YES;
				INFOPLIST_KEY_UILaunchScreen_Generation = YES;
				INFOPLIST_KEY_UIRequiredDeviceCapabilities = arkit;
				INFOPLIST_KEY_UIStatusBarHidden = YES;
				INFOPLIST_KEY_UISupportedInterfaceOrientations_iPad = "UIInterfaceOrientationPortrait UIInterfaceOrientationPortraitUpsideDown UIInterfaceOrientationLandscapeLeft UIInterfaceOrientationLandscapeRight";
				INFOPLIST_KEY_UISupportedInterfaceOrientations_iPhone = "UIInterfaceOrientationPortrait UIInterfaceOrientationLandscapeLeft UIInterfaceOrientationLandscapeRight";
				LD_RUNPATH_SEARCH_PATHS = (
					"$(inherited)",
					"@executable_path/Frameworks",
				);
				MARKETING_VERSION = 1.0;
				PRODUCT_BUNDLE_IDENTIFIER = "-.MathSolverAR";
				PRODUCT_NAME = "$(TARGET_NAME)";
				SWIFT_EMIT_LOC_STRINGS = YES;
				SWIFT_VERSION = 5.0;
				TARGETED_DEVICE_FAMILY = "1,2";
			};
			name = Release;
		};
		FD80DC772CA70C88007218A8 /* Debug */ = {
			isa = XCBuildConfiguration;
			buildSettings = {
				BUNDLE_LOADER = "$(TEST_HOST)";
				CODE_SIGN_STYLE = Automatic;
				CURRENT_PROJECT_VERSION = 1;
				DEVELOPMENT_TEAM = U7C4ALC94Y;
				GENERATE_INFOPLIST_FILE = YES;
				IPHONEOS_DEPLOYMENT_TARGET = 18.0;
				MARKETING_VERSION = 1.0;
				PRODUCT_BUNDLE_IDENTIFIER = "-.MathSolverARTests";
				PRODUCT_NAME = "$(TARGET_NAME)";
				SWIFT_EMIT_LOC_STRINGS = NO;
				SWIFT_VERSION = 5.0;
				TARGETED_DEVICE_FAMILY = "1,2";
				TEST_HOST = "$(BUILT_PRODUCTS_DIR)/MathSolverAR.app/$(BUNDLE_EXECUTABLE_FOLDER_PATH)/MathSolverAR";
			};
			name = Debug;
		};
		FD80DC782CA70C88007218A8 /* Release */ = {
			isa = XCBuildConfiguration;
			buildSettings = {
				BUNDLE_LOADER = "$(TEST_HOST)";
				CODE_SIGN_STYLE = Automatic;
				CURRENT_PROJECT_VERSION = 1;
				DEVELOPMENT_TEAM = U7C4ALC94Y;
				GENERATE_INFOPLIST_FILE = YES;
				IPHONEOS_DEPLOYMENT_TARGET = 18.0;
				MARKETING_VERSION = 1.0;
				PRODUCT_BUNDLE_IDENTIFIER = "-.MathSolverARTests";
				PRODUCT_NAME = "$(TARGET_NAME)";
				SWIFT_EMIT_LOC_STRINGS = NO;
				SWIFT_VERSION = 5.0;
				TARGETED_DEVICE_FAMILY = "1,2";
				TEST_HOST = "$(BUILT_PRODUCTS_DIR)/MathSolverAR.app/$(BUNDLE_EXECUTABLE_FOLDER_PATH)/MathSolverAR";
			};
			name = Release;
		};
		FD80DC7A2CA70C88007218A8 /* Debug */ = {
			isa = XCBuildConfiguration;
			buildSettings = {
				CODE_SIGN_STYLE = Automatic;
				CURRENT_PROJECT_VERSION = 1;
				DEVELOPMENT_TEAM = U7C4ALC94Y;
				GENERATE_INFOPLIST_FILE = YES;
				MARKETING_VERSION = 1.0;
				PRODUCT_BUNDLE_IDENTIFIER = "-.MathSolverARUITests";
				PRODUCT_NAME = "$(TARGET_NAME)";
				SWIFT_EMIT_LOC_STRINGS = NO;
				SWIFT_VERSION = 5.0;
				TARGETED_DEVICE_FAMILY = "1,2";
				TEST_TARGET_NAME = MathSolverAR;
			};
			name = Debug;
		};
		FD80DC7B2CA70C88007218A8 /* Release */ = {
			isa = XCBuildConfiguration;
			buildSettings = {
				CODE_SIGN_STYLE = Automatic;
				CURRENT_PROJECT_VERSION = 1;
				DEVELOPMENT_TEAM = U7C4ALC94Y;
				GENERATE_INFOPLIST_FILE = YES;
				MARKETING_VERSION = 1.0;
				PRODUCT_BUNDLE_IDENTIFIER = "-.MathSolverARUITests";
				PRODUCT_NAME = "$(TARGET_NAME)";
				SWIFT_EMIT_LOC_STRINGS = NO;
				SWIFT_VERSION = 5.0;
				TARGETED_DEVICE_FAMILY = "1,2";
				TEST_TARGET_NAME = MathSolverAR;
			};
			name = Release;
		};
/* End XCBuildConfiguration section */

/* Begin XCConfigurationList section */
		FD80DC4A2CA70C86007218A8 /* Build configuration list for PBXProject "MathSolverAR" */ = {
			isa = XCConfigurationList;
			buildConfigurations = (
				FD80DC712CA70C88007218A8 /* Debug */,
				FD80DC722CA70C88007218A8 /* Release */,
			);
			defaultConfigurationIsVisible = 0;
			defaultConfigurationName = Release;
		};
		FD80DC732CA70C88007218A8 /* Build configuration list for PBXNativeTarget "MathSolverAR" */ = {
			isa = XCConfigurationList;
			buildConfigurations = (
				FD80DC742CA70C88007218A8 /* Debug */,
				FD80DC752CA70C88007218A8 /* Release */,
			);
			defaultConfigurationIsVisible = 0;
			defaultConfigurationName = Release;
		};
		FD80DC762CA70C88007218A8 /* Build configuration list for PBXNativeTarget "MathSolverARTests" */ = {
			isa = XCConfigurationList;
			buildConfigurations = (
				FD80DC772CA70C88007218A8 /* Debug */,
				FD80DC782CA70C88007218A8 /* Release */,
			);
			defaultConfigurationIsVisible = 0;
			defaultConfigurationName = Release;
		};
		FD80DC792CA70C88007218A8 /* Build configuration list for PBXNativeTarget "MathSolverARUITests" */ = {
			isa = XCConfigurationList;
			buildConfigurations = (
				FD80DC7A2CA70C88007218A8 /* Debug */,
				FD80DC7B2CA70C88007218A8 /* Release */,
			);
			defaultConfigurationIsVisible = 0;
			defaultConfigurationName = Release;
		};
/* End XCConfigurationList section */
	};
	rootObject = FD80DC472CA70C86007218A8 /* Project object */;
}
